
Microsoft Visual Studio Solution File, Format Version 12.00
# Visual Studio Version 16
VisualStudioVersion = 16.0.29609.76
MinimumVisualStudioVersion = 10.0.40219.1
Project("{FAE04EC0-301F-11D3-BF4B-00C04F79EFBC}") = "practice01", "practice01.csproj", "{0296B0E9-F910-4969-81C9-D7F03BF07EDA}"
EndProject
Global
	GlobalSection(SolutionConfigurationPlatforms) = preSolution
		Debug|Any CPU = Debug|Any CPU
		Release|Any CPU = Release|Any CPU
	EndGlobalSection
	GlobalSection(ProjectConfigurationPlatforms) = postSolution
		{0296B0E9-F910-4969-81C9-D7F03BF07EDA}.Debug|Any CPU.ActiveCfg = Debug|Any CPU
		{0296B0E9-F910-4969-81C9-D7F03BF07EDA}.Debug|Any CPU.Build.0 = Debug|Any CPU
		{0296B0E9-F910-4969-81C9-D7F03BF07EDA}.Release|Any CPU.ActiveCfg = Release|Any CPU
		{0296B0E9-F910-4969-81C9-D7F03BF07EDA}.Release|Any CPU.Build.0 = Release|Any CPU
	EndGlobalSection
	GlobalSection(SolutionProperties) = preSolution
		HideSolutionNode = FALSE
	EndGlobalSection
	GlobalSection(ExtensibilityGlobals) = postSolution
		SolutionGuid = {322DD63E-0B34-4464-9E13-547C330C02F0}
	EndGlobalSection
EndGlobal
