
Microsoft Visual Studio Solution File, Format Version 12.00
# Visual Studio Version 16
VisualStudioVersion = 16.0.29609.76
MinimumVisualStudioVersion = 10.0.40219.1
Project("{FAE04EC0-301F-11D3-BF4B-00C04F79EFBC}") = "BangGiaCuoc", "BangGiaCuoc.csproj", "{C079D92E-75DC-46EB-8E3C-485849F65676}"
EndProject
Global
	GlobalSection(SolutionConfigurationPlatforms) = preSolution
		Debug|Any CPU = Debug|Any CPU
		Release|Any CPU = Release|Any CPU
	EndGlobalSection
	GlobalSection(ProjectConfigurationPlatforms) = postSolution
		{C079D92E-75DC-46EB-8E3C-485849F65676}.Debug|Any CPU.ActiveCfg = Debug|Any CPU
		{C079D92E-75DC-46EB-8E3C-485849F65676}.Debug|Any CPU.Build.0 = Debug|Any CPU
		{C079D92E-75DC-46EB-8E3C-485849F65676}.Release|Any CPU.ActiveCfg = Release|Any CPU
		{C079D92E-75DC-46EB-8E3C-485849F65676}.Release|Any CPU.Build.0 = Release|Any CPU
	EndGlobalSection
	GlobalSection(SolutionProperties) = preSolution
		HideSolutionNode = FALSE
	EndGlobalSection
	GlobalSection(ExtensibilityGlobals) = postSolution
		SolutionGuid = {8C229655-C54D-46F6-9094-AF62412F229C}
	EndGlobalSection
EndGlobal
