
Microsoft Visual Studio Solution File, Format Version 12.00
# Visual Studio Version 16
VisualStudioVersion = 16.0.29609.76
MinimumVisualStudioVersion = 10.0.40219.1
Project("{FAE04EC0-301F-11D3-BF4B-00C04F79EFBC}") = "exercise11", "exercise11.csproj", "{BC1D40B6-C24C-4333-A768-F6386258518D}"
EndProject
Global
	GlobalSection(SolutionConfigurationPlatforms) = preSolution
		Debug|Any CPU = Debug|Any CPU
		Release|Any CPU = Release|Any CPU
	EndGlobalSection
	GlobalSection(ProjectConfigurationPlatforms) = postSolution
		{BC1D40B6-C24C-4333-A768-F6386258518D}.Debug|Any CPU.ActiveCfg = Debug|Any CPU
		{BC1D40B6-C24C-4333-A768-F6386258518D}.Debug|Any CPU.Build.0 = Debug|Any CPU
		{BC1D40B6-C24C-4333-A768-F6386258518D}.Release|Any CPU.ActiveCfg = Release|Any CPU
		{BC1D40B6-C24C-4333-A768-F6386258518D}.Release|Any CPU.Build.0 = Release|Any CPU
	EndGlobalSection
	GlobalSection(SolutionProperties) = preSolution
		HideSolutionNode = FALSE
	EndGlobalSection
	GlobalSection(ExtensibilityGlobals) = postSolution
		SolutionGuid = {429C9676-62EC-405E-994D-8ECE70D6B268}
	EndGlobalSection
EndGlobal
