
Microsoft Visual Studio Solution File, Format Version 12.00
# Visual Studio Version 16
VisualStudioVersion = 16.0.29609.76
MinimumVisualStudioVersion = 10.0.40219.1
Project("{FAE04EC0-301F-11D3-BF4B-00C04F79EFBC}") = "exercise4", "exercise4.csproj", "{A092C5CE-2E3F-45EA-B533-1DD0C5DCE275}"
EndProject
Global
	GlobalSection(SolutionConfigurationPlatforms) = preSolution
		Debug|Any CPU = Debug|Any CPU
		Release|Any CPU = Release|Any CPU
	EndGlobalSection
	GlobalSection(ProjectConfigurationPlatforms) = postSolution
		{A092C5CE-2E3F-45EA-B533-1DD0C5DCE275}.Debug|Any CPU.ActiveCfg = Debug|Any CPU
		{A092C5CE-2E3F-45EA-B533-1DD0C5DCE275}.Debug|Any CPU.Build.0 = Debug|Any CPU
		{A092C5CE-2E3F-45EA-B533-1DD0C5DCE275}.Release|Any CPU.ActiveCfg = Release|Any CPU
		{A092C5CE-2E3F-45EA-B533-1DD0C5DCE275}.Release|Any CPU.Build.0 = Release|Any CPU
	EndGlobalSection
	GlobalSection(SolutionProperties) = preSolution
		HideSolutionNode = FALSE
	EndGlobalSection
	GlobalSection(ExtensibilityGlobals) = postSolution
		SolutionGuid = {2D0BFDD9-220B-4CB9-9521-C80C6E198799}
	EndGlobalSection
EndGlobal
